
Microsoft Visual Studio Solution File, Format Version 12.00
# Visual Studio 15
VisualStudioVersion = 15.0.28307.705
MinimumVisualStudioVersion = 10.0.40219.1
Project("{FAE04EC0-301F-11D3-BF4B-00C04F79EFBC}") = "Practice.WebApi", "Practice.WebApi\Practice.WebApi.csproj", "{0C212469-C3BE-41C0-ACF8-BD5EA2695C6A}"
EndProject
Project("{FAE04EC0-301F-11D3-BF4B-00C04F79EFBC}") = "Practice.Domain", "Practice.Domain\Practice.Domain.csproj", "{B850164C-83DE-471B-9766-C30E05EBCF85}"
EndProject
Global
	GlobalSection(SolutionConfigurationPlatforms) = preSolution
		Debug|Any CPU = Debug|Any CPU
		Release|Any CPU = Release|Any CPU
	EndGlobalSection
	GlobalSection(ProjectConfigurationPlatforms) = postSolution
		{0C212469-C3BE-41C0-ACF8-BD5EA2695C6A}.Debug|Any CPU.ActiveCfg = Debug|Any CPU
		{0C212469-C3BE-41C0-ACF8-BD5EA2695C6A}.Debug|Any CPU.Build.0 = Debug|Any CPU
		{0C212469-C3BE-41C0-ACF8-BD5EA2695C6A}.Release|Any CPU.ActiveCfg = Release|Any CPU
		{0C212469-C3BE-41C0-ACF8-BD5EA2695C6A}.Release|Any CPU.Build.0 = Release|Any CPU
		{B850164C-83DE-471B-9766-C30E05EBCF85}.Debug|Any CPU.ActiveCfg = Debug|Any CPU
		{B850164C-83DE-471B-9766-C30E05EBCF85}.Debug|Any CPU.Build.0 = Debug|Any CPU
		{B850164C-83DE-471B-9766-C30E05EBCF85}.Release|Any CPU.ActiveCfg = Release|Any CPU
		{B850164C-83DE-471B-9766-C30E05EBCF85}.Release|Any CPU.Build.0 = Release|Any CPU
	EndGlobalSection
	GlobalSection(SolutionProperties) = preSolution
		HideSolutionNode = FALSE
	EndGlobalSection
	GlobalSection(ExtensibilityGlobals) = postSolution
		SolutionGuid = {DE5912DC-797E-4F5B-B13C-D438CFB14991}
	EndGlobalSection
EndGlobal
